github.com/gethinode/mod-fontawesome/v6 v6.0.0 h1:PrfiMfVEAM5Lpnkp+sXOtOdRSOe3l56z+ngrPcACzlA=
github.com/gethinode/mod-fontawesome/v6 v6.0.0/go.mod h1:ayMslv2xpC5cjxUVTkIlFBbOd1LM5ezIr0OSOr6q8Gk=
github.com/gethinode/mod-utils/v6 v6.0.1 h1:EnmMHjqnI/xyHPXFj1SdRLfVxNunJcKLGVtSAAFTQ8w=
github.com/gethinode/mod-utils/v6 v6.0.1/go.mod h1:E5tO9w3VKaidJpu1nI8zAKmh0bddFHOIIQnudAaXQTs=
