github.com/FortAwesome/Font-Awesome v0.0.0-20260210181720-337dd2045d56 h1:wZEHFCO5SVesIEn1oBuo3ltK7stDYViJsNT2aGRSXN4=
github.com/FortAwesome/Font-Awesome v0.0.0-20260210181720-337dd2045d56/go.mod h1:IUgezN/MFpCDIlFezw3L8j83oeiIuYoj28Miwr/KUYo=
github.com/gethinode/mod-fontawesome/v2 v2.1.2 h1:v1aHhbLLwe/05zRHnx9qGqh6b3toDzcLzuv61rWAoGU=
github.com/gethinode/mod-fontawesome/v2 v2.1.2/go.mod h1:zukv88wXqquEvTJJ9mWWk8Ia+9INnA41wYqusf2RcHA=
github.com/gethinode/mod-fontawesome/v2 v2.1.3 h1:G2LyPQVhrXxBSJ/q+mBMXpNClobkQPd3Rw1vzIyvAdk=
github.com/gethinode/mod-fontawesome/v2 v2.1.3/go.mod h1:zukv88wXqquEvTJJ9mWWk8Ia+9INnA41wYqusf2RcHA=
github.com/gethinode/mod-fontawesome/v3 v3.0.0 h1:mNV8ZveQ5aXEU+jmKrWaoIbq5xB2p4OYDnHSyKGDD6c=
github.com/gethinode/mod-fontawesome/v3 v3.0.0/go.mod h1:KX8eLJCH7L27KCUCr4S5k1NOQC6O41D4G6DWOzNmeJ8=
github.com/gethinode/mod-fontawesome/v3 v3.0.2 h1:SUj4UAn16XPrF1nXsFYGklk/3XVOdluq02isW2IjKX0=
github.com/gethinode/mod-fontawesome/v3 v3.0.2/go.mod h1:a905KAk3fRZKh7iO11D5ocAzKr0GQcaR6v17bYTRpX8=
github.com/gethinode/mod-fontawesome/v3 v3.0.3 h1:iGeNuTxwu/gIDWDqLioraL3/aULkx/Kpu1yWGIoib2Y=
github.com/gethinode/mod-fontawesome/v3 v3.0.3/go.mod h1:a905KAk3fRZKh7iO11D5ocAzKr0GQcaR6v17bYTRpX8=
github.com/gethinode/mod-fontawesome/v3 v3.1.0 h1:GTpHGcuFIn3ZGPUldqOcpbOWtNGrPE0NXanUTE2gchI=
github.com/gethinode/mod-fontawesome/v3 v3.1.0/go.mod h1:a905KAk3fRZKh7iO11D5ocAzKr0GQcaR6v17bYTRpX8=
github.com/gethinode/mod-fontawesome/v3 v3.1.3 h1:xlwmdgulIV/IMj5I1/fH4tPM1/AU0OYZ4vepQiJbOYA=
github.com/gethinode/mod-fontawesome/v3 v3.1.3/go.mod h1:+E6jSVNv7h6oXw4Wm1XRq8HBEB2WrvxCPkp6u4vY5xo=
github.com/gethinode/mod-fontawesome/v5 v5.0.4 h1:eaGu7hGQfPReAIHF3RolOhXb+JT8y2fQiKnOIYsNurU=
github.com/gethinode/mod-fontawesome/v5 v5.0.4/go.mod h1:iLRUmdb788apYTXA4LmVyeBkTKPPyiMX41poFQbYiVU=
github.com/gethinode/mod-utils/v4 v4.12.0 h1:5sSfYIxZCeQbXLoZdS//rl6thwLwtXuvM0ujaWKyPmc=
github.com/gethinode/mod-utils/v4 v4.12.0/go.mod h1:bYmvRdAo4ICy5MpSGafDvO4p5bTDpsDKFCPL3bH0mN4=
github.com/gethinode/mod-utils/v4 v4.13.0 h1:VKAA+wKy4saayXfgJuVBRfhNVWQWmxOjO8LSpQCvLfw=
github.com/gethinode/mod-utils/v4 v4.13.0/go.mod h1:bYmvRdAo4ICy5MpSGafDvO4p5bTDpsDKFCPL3bH0mN4=
github.com/gethinode/mod-utils/v4 v4.13.1 h1:Zt9xQQgcb3xA0rrYgVD5ZO3idMAXATfirrF9BmLtR30=
github.com/gethinode/mod-utils/v4 v4.13.1/go.mod h1:bYmvRdAo4ICy5MpSGafDvO4p5bTDpsDKFCPL3bH0mN4=
github.com/gethinode/mod-utils/v4 v4.14.0 h1:CF5dy+HWg22L306bWVhClWK9b1NVinEqtb4Qr2vcl9A=
github.com/gethinode/mod-utils/v4 v4.14.0/go.mod h1:bYmvRdAo4ICy5MpSGafDvO4p5bTDpsDKFCPL3bH0mN4=
github.com/gethinode/mod-utils/v4 v4.15.1 h1:zsn6pYxMePLqsNaX+V8qND5tAbbp/CiscgZrnFAxc2s=
github.com/gethinode/mod-utils/v4 v4.15.1/go.mod h1:bYmvRdAo4ICy5MpSGafDvO4p5bTDpsDKFCPL3bH0mN4=
github.com/gethinode/mod-utils/v4 v4.16.0 h1:yroLCeQyE/xU46YIKS81ZtFsOONTmVudrv2qW7IBH5Q=
github.com/gethinode/mod-utils/v4 v4.16.0/go.mod h1:bYmvRdAo4ICy5MpSGafDvO4p5bTDpsDKFCPL3bH0mN4=
github.com/gethinode/mod-utils/v4 v4.16.1 h1:HjV6TONU7ZbXC2xZIPRupjKOUORddtQH8bb4dnULY1U=
github.com/gethinode/mod-utils/v4 v4.16.1/go.mod h1:bYmvRdAo4ICy5MpSGafDvO4p5bTDpsDKFCPL3bH0mN4=
github.com/gethinode/mod-utils/v4 v4.17.0 h1:nDyXpZ0mCtf3ZML8G6bjeYJsI7Ne/Ze8rEWEa9zh6CI=
github.com/gethinode/mod-utils/v4 v4.17.0/go.mod h1:bYmvRdAo4ICy5MpSGafDvO4p5bTDpsDKFCPL3bH0mN4=
github.com/gethinode/mod-utils/v4 v4.18.0 h1:CLxuPCbsQBGVgAM1x5nmh6V0HJoOcltIfKG9sthpsTk=
github.com/gethinode/mod-utils/v4 v4.18.0/go.mod h1:bYmvRdAo4ICy5MpSGafDvO4p5bTDpsDKFCPL3bH0mN4=
github.com/gethinode/mod-utils/v4 v4.19.0 h1:zTKbfhcFDrEsrQI09zyI7JKQTmAQuuB9OGy7bpB8nDY=
github.com/gethinode/mod-utils/v4 v4.19.0/go.mod h1:bYmvRdAo4ICy5MpSGafDvO4p5bTDpsDKFCPL3bH0mN4=
github.com/gethinode/mod-utils/v4 v4.20.0 h1:hGhx0qOzrIvOYrn8ozgo1X9tO/I2F8S2+6yyXK4Oj4c=
github.com/gethinode/mod-utils/v4 v4.20.0/go.mod h1:bYmvRdAo4ICy5MpSGafDvO4p5bTDpsDKFCPL3bH0mN4=
github.com/gethinode/mod-utils/v4 v4.21.1 h1:+YAAwD3yiVBO2ozajKgbxh4IKYhBJUHhKyIfBMz7x5A=
github.com/gethinode/mod-utils/v4 v4.21.1/go.mod h1:bYmvRdAo4ICy5MpSGafDvO4p5bTDpsDKFCPL3bH0mN4=
github.com/gethinode/mod-utils/v4 v4.21.3 h1:F6pyHbgGzL1FGEV66j8T4hDg3a80cJ/PgPsU8UZq+AY=
github.com/gethinode/mod-utils/v4 v4.21.3/go.mod h1:bYmvRdAo4ICy5MpSGafDvO4p5bTDpsDKFCPL3bH0mN4=
github.com/gethinode/mod-utils/v4 v4.21.5 h1:X3dxeBGDpFCsFcqk21l6eWtUYYGIQcExvHnlOQnvR04=
github.com/gethinode/mod-utils/v4 v4.21.5/go.mod h1:bYmvRdAo4ICy5MpSGafDvO4p5bTDpsDKFCPL3bH0mN4=
github.com/gethinode/mod-utils/v4 v4.21.6 h1:txvb0yHA9aIhP4IEHmxzAt3hpeuAJZZDIfCmjLpzBuI=
github.com/gethinode/mod-utils/v4 v4.21.6/go.mod h1:bYmvRdAo4ICy5MpSGafDvO4p5bTDpsDKFCPL3bH0mN4=
github.com/gethinode/mod-utils/v5 v5.0.0 h1:iF8FtgzQu9BW7R94sJ77gltSZO2QkAv60EMNvtTSpIA=
github.com/gethinode/mod-utils/v5 v5.0.0/go.mod h1:PwQN4oOjA6k/vet11JueJ9asZMgL0DBa3jyS9tPkBWU=
github.com/gethinode/mod-utils/v5 v5.2.0 h1:ad0AbdNfJi7hIOy8KAC2e1gXCsh2LiIhIJACaEMllM8=
github.com/gethinode/mod-utils/v5 v5.2.0/go.mod h1:PwQN4oOjA6k/vet11JueJ9asZMgL0DBa3jyS9tPkBWU=
github.com/gethinode/mod-utils/v5 v5.3.1 h1:5bmhPm3Wunn3/8MfTCtqIQRUn1efnNpVduPUzh+H3rw=
github.com/gethinode/mod-utils/v5 v5.3.1/go.mod h1:PwQN4oOjA6k/vet11JueJ9asZMgL0DBa3jyS9tPkBWU=
github.com/gethinode/mod-utils/v5 v5.3.2 h1:+i/JTHyc+S3dd6yNQAcMuVyfsgLcy0n8dxWxaqjtf2A=
github.com/gethinode/mod-utils/v5 v5.3.2/go.mod h1:PwQN4oOjA6k/vet11JueJ9asZMgL0DBa3jyS9tPkBWU=
github.com/gethinode/mod-utils/v5 v5.4.1 h1:iaQ8RTvK9p0JevaDW0c84fl/arDnDe2hu8FmgURt/l4=
github.com/gethinode/mod-utils/v5 v5.4.1/go.mod h1:PwQN4oOjA6k/vet11JueJ9asZMgL0DBa3jyS9tPkBWU=
github.com/gethinode/mod-utils/v5 v5.4.2 h1:/FSQ8yJ8rQaRDiA0sgcrrZX/asaFjjJMNap2pvQKZFk=
github.com/gethinode/mod-utils/v5 v5.4.2/go.mod h1:PwQN4oOjA6k/vet11JueJ9asZMgL0DBa3jyS9tPkBWU=
github.com/gethinode/mod-utils/v5 v5.5.0 h1:codE7hGNoORJ6GDOuFDXMDqQjw7yX89lfVHADEWacBs=
github.com/gethinode/mod-utils/v5 v5.5.0/go.mod h1:PwQN4oOjA6k/vet11JueJ9asZMgL0DBa3jyS9tPkBWU=
github.com/gethinode/mod-utils/v5 v5.6.0 h1:QdG5qu3Xc4VBEp/g5DMfjEkbDftM3zMBHd22qrAYSdw=
github.com/gethinode/mod-utils/v5 v5.6.0/go.mod h1:PwQN4oOjA6k/vet11JueJ9asZMgL0DBa3jyS9tPkBWU=
github.com/gethinode/mod-utils/v5 v5.7.0 h1:NFiQcOu4NfIOIICkY3bTe473MEu3EYaceJlM4O/EybM=
github.com/gethinode/mod-utils/v5 v5.7.0/go.mod h1:PwQN4oOjA6k/vet11JueJ9asZMgL0DBa3jyS9tPkBWU=
github.com/gethinode/mod-utils/v5 v5.7.1 h1:Fgat+KsWct8UKHtqeVtMam1J9X+jgNuME2/u+eioSww=
github.com/gethinode/mod-utils/v5 v5.7.1/go.mod h1:PwQN4oOjA6k/vet11JueJ9asZMgL0DBa3jyS9tPkBWU=
github.com/gethinode/mod-utils/v5 v5.8.0 h1:HVvFX9iyV3NR3j9uQ6+F96rXr+TsKjMqzwY06XYwZE8=
github.com/gethinode/mod-utils/v5 v5.8.0/go.mod h1:PwQN4oOjA6k/vet11JueJ9asZMgL0DBa3jyS9tPkBWU=
github.com/gethinode/mod-utils/v5 v5.9.0 h1:mceeUGOqlmybuH/Z/9UT5QEjcgWJ4SAYl5vVmM1l/0Q=
github.com/gethinode/mod-utils/v5 v5.9.0/go.mod h1:PwQN4oOjA6k/vet11JueJ9asZMgL0DBa3jyS9tPkBWU=
