github.com/airbnb/lottie-web v5.12.2+incompatible h1:Ldogtlhiucf7mMsgisyxSBY0qunV44+lpa9Icy2KoQc=
github.com/airbnb/lottie-web v5.12.2+incompatible/go.mod h1:nTss557UK9FGnp8QYlCMO29tjUHwbdAHG/DprbGfHGE=
github.com/gethinode/hinode v0.23.21 h1:tnjfA33d6WfwIXWxKZDcrg70+ftLJ+asCwYkWtyuKxo=
github.com/gethinode/hinode v0.23.21/go.mod h1:ZeVZDRjvPMosmTVG3RWBvaHvWaNbjYf7/3fF/LxXOVw=
github.com/gethinode/hinode v0.24.0 h1:4OqbBJXlsatxTF5CJBykgpX9q4KEzMLAAq9aCVxV0qs=
github.com/gethinode/hinode v0.24.0/go.mod h1:vqVpjzVwOJVZSqpKTiS+8l8uR/rhVMqMxZqpPMSkM4E=
github.com/gethinode/hinode v0.24.1 h1:+t1Q6mv38x5o9fmjrIt7f2HLkr7xyoToIbPkaJoOZyY=
github.com/gethinode/hinode v0.24.1/go.mod h1:Fck4IozLCFi6ISNFIOKu4KqS188/4fVPQwxqqRBcv44=
github.com/gethinode/mod-bootstrap v1.2.8 h1:kIKSO6qqE8xA0KQC5s6kkEv5UDc8oT17HalGIwB+dSc=
github.com/gethinode/mod-bootstrap v1.2.8/go.mod h1:CL9IDot6nbXIWJYE/KxfsTdYYEJIGL17BXbAYPn+wVQ=
github.com/gethinode/mod-bootstrap v1.3.0 h1:UxNmXgXo7gA8C8z1ar47+tSccmKYpaYBBN+txB0pwBk=
github.com/gethinode/mod-bootstrap v1.3.0/go.mod h1:CL9IDot6nbXIWJYE/KxfsTdYYEJIGL17BXbAYPn+wVQ=
github.com/gethinode/mod-flexsearch v1.11.3 h1:ykxpUg8M4vr1C4QzxJOPGt+1ZmPAD/gOCZoFcZxWoWw=
github.com/gethinode/mod-flexsearch v1.11.3/go.mod h1:L8hrnpupx27cez2ObMX8gWnhbW6qss4HGH1Ea4UaBRQ=
github.com/gethinode/mod-flexsearch v1.12.0 h1:zg1IHvc8VO9WEtQuQnuG6HeWFNByvyqC9JYWDtpsP6s=
github.com/gethinode/mod-flexsearch v1.12.0/go.mod h1:L8hrnpupx27cez2ObMX8gWnhbW6qss4HGH1Ea4UaBRQ=
github.com/gethinode/mod-fontawesome v1.8.2 h1:LAzLytyh9c9gLzBWMju6Gtp3uEojhBQEYw0o38EUKZY=
github.com/gethinode/mod-fontawesome v1.8.2/go.mod h1:xBKsZH3WJtMOItZVlp9SbO51uaBy6IbvUZSKpNu3b6Y=
github.com/gethinode/mod-fontawesome v1.9.0 h1:xqUB8AnezMHAt8lye4ksqvmHSVPCOkiHsHGUbqNoeP0=
github.com/gethinode/mod-fontawesome v1.9.0/go.mod h1:xBKsZH3WJtMOItZVlp9SbO51uaBy6IbvUZSKpNu3b6Y=
github.com/gethinode/mod-katex v1.0.9 h1:cCJoR28tZwkDvXps17o9Jwfe3aQQAZ3Rxk0jCNRQdbU=
github.com/gethinode/mod-katex v1.0.9/go.mod h1:byAfpI3wuqNJIooTGVEGc1cjBhhCy4+CcK1H6495MYg=
github.com/gethinode/mod-katex v1.1.0 h1:PxST3HPUt6F2X/xKakTVeTkwWqCtEr53K1vYEOyQu3I=
github.com/gethinode/mod-katex v1.1.0/go.mod h1:byAfpI3wuqNJIooTGVEGc1cjBhhCy4+CcK1H6495MYg=
github.com/gethinode/mod-leaflet v1.0.1 h1:L4Coe6HTD9O0Txs1S8AtVg+6/TEneSF9i6fJK8jdWUw=
github.com/gethinode/mod-leaflet v1.0.1/go.mod h1:Ei0x9WiL7Dbi4JeG6yI1CE63bT1QJ8sKi67Jea1wFSE=
github.com/gethinode/mod-leaflet v1.1.0 h1:FXzPCic5XmUluxQ6e7LYUhhLnxuQOBwry8qjG9k30UY=
github.com/gethinode/mod-leaflet v1.1.0/go.mod h1:Ei0x9WiL7Dbi4JeG6yI1CE63bT1QJ8sKi67Jea1wFSE=
github.com/gethinode/mod-lottie v1.4.7 h1:5Hes0xY/l8ygzJ8YQIzdqCmvGrDQs8D8qZ/vR1fQh/Q=
github.com/gethinode/mod-lottie v1.4.7/go.mod h1:FvcG3NjXOBOnwou0QvXYNPHpybxwT6yxmSh4N+nBD9s=
github.com/gethinode/mod-lottie v1.5.2 h1:UvrNAQeD/97Q5fbv3uKIY48fY3IWJeLy/v206Gb0F6Y=
github.com/gethinode/mod-lottie v1.5.2/go.mod h1:HM1pA85EiPO7RtNysw/a2ZzRqktO2WvB/KyWLOuynzg=
github.com/gethinode/mod-lottie v1.5.3 h1:fvCjCoZoCEhY2aou30oEsEo6N4tVSI0ijFyXS3wNib0=
github.com/gethinode/mod-lottie v1.5.3/go.mod h1:XHVMuPsuJIm9/Eb2ql4jsT49/BQqMlBiirQoty4uHAo=
github.com/gethinode/mod-lottie v1.5.4 h1:+xbamSsjcnP2tyzGl0CA1enma7gkAp67wenmuP0XELY=
github.com/gethinode/mod-lottie v1.5.4/go.mod h1:gALqz48aYpoDLxJOI3LzIpdy0Eq/lOBNtlcOxABa9tg=
github.com/gethinode/mod-mermaid v1.0.0 h1:fUUIyS0jN0me5FLblRHQtZxD61xn8iPmbcRnB2oaHwI=
github.com/gethinode/mod-mermaid v1.0.0/go.mod h1:rw6vrY9DpdJblwFwLuXCdy2kBHxMf6gGKWeetwfTSfc=
github.com/gethinode/mod-utils/v2 v2.3.0 h1:e3uhlAGasvXe+cgvcmzRe05Zo4UEx86uk0TbnxtyB6U=
github.com/gethinode/mod-utils/v2 v2.3.0/go.mod h1:GTYeknoLujNjfDxI+V9Dcug26CYJSTJ0B/U2dagw9oY=
github.com/gethinode/mod-utils/v2 v2.3.5 h1:r8V330xQkHTjzAFNCde1Kpz6fgidzmMRW82eIonUnOo=
github.com/gethinode/mod-utils/v2 v2.3.5/go.mod h1:GTYeknoLujNjfDxI+V9Dcug26CYJSTJ0B/U2dagw9oY=
github.com/gethinode/mod-utils/v2 v2.3.6 h1:Ta+WKc83sK9ZROKmUwS4pA32Qm0bQqoMmWHEOzDvZ5Y=
github.com/gethinode/mod-utils/v2 v2.3.6/go.mod h1:GTYeknoLujNjfDxI+V9Dcug26CYJSTJ0B/U2dagw9oY=
github.com/gethinode/mod-utils/v2 v2.3.7 h1:FFsUPO7NBp9Bhjovf0Ki5hnDGfeMKV/3RNz1Qpv7+oQ=
github.com/gethinode/mod-utils/v2 v2.3.7/go.mod h1:GTYeknoLujNjfDxI+V9Dcug26CYJSTJ0B/U2dagw9oY=
github.com/nextapps-de/flexsearch v0.0.0-20240501124520-961c3ae84a87 h1:6PNbL0/LxO8Xl8MZSe5uvCidYNpFTz9nlWTqj2qdlzA=
github.com/nextapps-de/flexsearch v0.0.0-20240501124520-961c3ae84a87/go.mod h1:5GdMfPAXzbA2gXBqTjC6l27kioSYzHlqDMh0+wyx7sU=
github.com/twbs/bootstrap v5.3.3+incompatible h1:goFoqinzdHfkeegpFP7pvhbd0g+A3O2hbU3XCjuNrEQ=
github.com/twbs/bootstrap v5.3.3+incompatible/go.mod h1:fZTSrkpSf0/HkL0IIJzvVspTt1r9zuf7XlZau8kpcY0=
