github.com/gethinode/mod-template v0.0.0-20240304031439-297f26e96855 h1:79n9BJStYGBmvg2wXq0CdpDH1+jYlvLa68iaiAsHw0M=
github.com/gethinode/mod-template v0.0.0-20240304031439-297f26e96855/go.mod h1:6ofWqxiQMhTnI8U6mT3FrEUN1UZ0vcUcZyXVIny2CZs=
github.com/gethinode/mod-template v0.0.0-20240304050912-e05887822540 h1:wdzsVwBiQyKkUNxDE06cn66CMzL04I86XP0cMNKM4+4=
github.com/gethinode/mod-template v0.0.0-20240304050912-e05887822540/go.mod h1:6ofWqxiQMhTnI8U6mT3FrEUN1UZ0vcUcZyXVIny2CZs=
github.com/gethinode/mod-template v0.0.0-20240304051104-63720ee2f2d8 h1:d8ZN1GEPd9XKSYzFSq3BFMt7ZD5pm3B0FLgCM6UQAN8=
github.com/gethinode/mod-template v0.0.0-20240304051104-63720ee2f2d8/go.mod h1:6ofWqxiQMhTnI8U6mT3FrEUN1UZ0vcUcZyXVIny2CZs=
github.com/gethinode/mod-template v0.0.0-20240304051231-4d7d9397c805 h1:uiDroB7rXxcZu+EBw/jBopNo0EJbC9KiNt8c/izElsU=
github.com/gethinode/mod-template v0.0.0-20240304051231-4d7d9397c805/go.mod h1:6ofWqxiQMhTnI8U6mT3FrEUN1UZ0vcUcZyXVIny2CZs=
github.com/gethinode/mod-template v0.0.0-20240308040322-c2b16e8acf24 h1:+ZDzn6hXpOcR1qAyNNmpNzH5UI5IpL9SaGsbIJY/MeQ=
github.com/gethinode/mod-template v0.0.0-20240308040322-c2b16e8acf24/go.mod h1:6ofWqxiQMhTnI8U6mT3FrEUN1UZ0vcUcZyXVIny2CZs=
github.com/gethinode/mod-template v0.0.0-20240315175156-f159dec3d1fa h1:dEIoYX9eOhAI7ZDfM+CQzwX5CzS4O+3njfIzazm35i8=
github.com/gethinode/mod-template v0.0.0-20240315175156-f159dec3d1fa/go.mod h1:6ofWqxiQMhTnI8U6mT3FrEUN1UZ0vcUcZyXVIny2CZs=
github.com/gethinode/mod-template v0.0.0-20240318033919-a27750871ffc h1:9+nub/CBqgOqpUkHaYMBENkpljO3DEcXM3zkfhybtBs=
github.com/gethinode/mod-template v0.0.0-20240318033919-a27750871ffc/go.mod h1:6ofWqxiQMhTnI8U6mT3FrEUN1UZ0vcUcZyXVIny2CZs=
github.com/gethinode/mod-template v0.0.0-20240321032217-fa9f85d72ace h1:rlyv5IfLw0Oulxm3C36rkYKUXdJ6JnTjn1roQx4t+74=
github.com/gethinode/mod-template v0.0.0-20240321032217-fa9f85d72ace/go.mod h1:6ofWqxiQMhTnI8U6mT3FrEUN1UZ0vcUcZyXVIny2CZs=
github.com/gethinode/mod-template v0.0.0-20240325063443-4b7aae572599 h1:O1a1VypXZGy7desKDnQoR5VeEp1fsTRMhEazfxPfSe0=
github.com/gethinode/mod-template v0.0.0-20240325063443-4b7aae572599/go.mod h1:6ofWqxiQMhTnI8U6mT3FrEUN1UZ0vcUcZyXVIny2CZs=
github.com/gethinode/mod-template v0.0.0-20240326054454-4dbfccd50d50 h1:W0PVtFsA9Qnvf7sjT2aL+RidAvY7jUmgYc55tolakNk=
github.com/gethinode/mod-template v0.0.0-20240326054454-4dbfccd50d50/go.mod h1:6ofWqxiQMhTnI8U6mT3FrEUN1UZ0vcUcZyXVIny2CZs=
github.com/gethinode/mod-template v0.0.0-20240410035307-f78e1e8a57a1 h1:yFcEFLJlyI3htS91woKSRC0ekZmXhi/0HGAy1Cz077U=
github.com/gethinode/mod-template v0.0.0-20240410035307-f78e1e8a57a1/go.mod h1:6ofWqxiQMhTnI8U6mT3FrEUN1UZ0vcUcZyXVIny2CZs=
github.com/gethinode/mod-template v0.0.0-20240422035823-11f91d30c0f2 h1:4bXA2mEqE3GgvPOgPSIGqB7Aw4m4rbYUxmP7AFKaeo8=
github.com/gethinode/mod-template v0.0.0-20240422035823-11f91d30c0f2/go.mod h1:6ofWqxiQMhTnI8U6mT3FrEUN1UZ0vcUcZyXVIny2CZs=
github.com/gethinode/mod-template v0.0.0-20240423063420-01781e8f9931 h1:0aulQz1RbSzFgsHE0kYEDV4gKlvfm3xTWxvCK7iCA7Q=
github.com/gethinode/mod-template v0.0.0-20240423063420-01781e8f9931/go.mod h1:6ofWqxiQMhTnI8U6mT3FrEUN1UZ0vcUcZyXVIny2CZs=
github.com/gethinode/mod-template v0.0.0-20240426033341-f5ad50f6f74a h1:U3cpPpqBBGrLNXz3QklPsXtK08+2JEgf8Y6dfmY7SM0=
github.com/gethinode/mod-template v0.0.0-20240426033341-f5ad50f6f74a/go.mod h1:6ofWqxiQMhTnI8U6mT3FrEUN1UZ0vcUcZyXVIny2CZs=
github.com/gethinode/mod-template v0.0.0-20240429044742-26ace42921af h1:FL3qY23EPR3l4rVq1r4eQ3N0LraTHD7ZEKpKugcc388=
github.com/gethinode/mod-template v0.0.0-20240429044742-26ace42921af/go.mod h1:6ofWqxiQMhTnI8U6mT3FrEUN1UZ0vcUcZyXVIny2CZs=
github.com/gethinode/mod-template v0.0.0-20240430045105-c76ad88515b5 h1:AJKC4e1G1Z/hB+A9gGHbKXQ+L6C1XA2IC48NgA+BcO4=
github.com/gethinode/mod-template v0.0.0-20240430045105-c76ad88515b5/go.mod h1:6ofWqxiQMhTnI8U6mT3FrEUN1UZ0vcUcZyXVIny2CZs=
github.com/gethinode/mod-template v0.0.0-20240502041051-1f4ab5787151 h1:OKnuIEPjUEtTmNETfWfIYfQ5p+cB3AVFQYjvxT7TCyQ=
github.com/gethinode/mod-template v0.0.0-20240502041051-1f4ab5787151/go.mod h1:6ofWqxiQMhTnI8U6mT3FrEUN1UZ0vcUcZyXVIny2CZs=
github.com/gethinode/mod-template v0.0.0-20240504092820-662751c4af73 h1:piAY0eyvrUjEg6rJ/AObk4HRzyECRvOU1+culL6zL6A=
github.com/gethinode/mod-template v0.0.0-20240504092820-662751c4af73/go.mod h1:6ofWqxiQMhTnI8U6mT3FrEUN1UZ0vcUcZyXVIny2CZs=
github.com/gethinode/mod-template v0.0.0-20240505041437-0d1be7b2df7a h1:DQ/9kNvLQvX5pSZsvyku0dGodIz7967p2hgFloPRnas=
github.com/gethinode/mod-template v0.0.0-20240505041437-0d1be7b2df7a/go.mod h1:6ofWqxiQMhTnI8U6mT3FrEUN1UZ0vcUcZyXVIny2CZs=
github.com/gethinode/mod-template v0.0.0-20240509032820-a32b101af5cc h1:CTuhgDiEOZA83M5SJn0hy/rOrVTemt1KmZA0q7luYYM=
github.com/gethinode/mod-template v0.0.0-20240509032820-a32b101af5cc/go.mod h1:6ofWqxiQMhTnI8U6mT3FrEUN1UZ0vcUcZyXVIny2CZs=
github.com/gethinode/mod-template v0.0.0-20240509045955-39e29231fccc h1:a2FcEF+Dk6s3H2/oiqTgyjAecHm8xior5dPQDp2XsHI=
github.com/gethinode/mod-template v0.0.0-20240509045955-39e29231fccc/go.mod h1:6ofWqxiQMhTnI8U6mT3FrEUN1UZ0vcUcZyXVIny2CZs=
github.com/gethinode/mod-template v0.0.0-20240516040039-be71c1565437 h1:R9SXBQhDp89IxMDF3kyuWuY/vR6KFNVROCbNg67J8Lc=
github.com/gethinode/mod-template v0.0.0-20240516040039-be71c1565437/go.mod h1:6ofWqxiQMhTnI8U6mT3FrEUN1UZ0vcUcZyXVIny2CZs=
